
Microsoft Visual Studio Solution File, Format Version 12.00
# Visual Studio 15
VisualStudioVersion = 15.0.27428.2011
MinimumVisualStudioVersion = 10.0.40219.1
Project("{FAE04EC0-301F-11D3-BF4B-00C04F79EFBC}") = "Training.API", "Training.API\Training.API.csproj", "{CBCB823E-6451-433E-AD45-AF933E6795DB}"
EndProject
Global
	GlobalSection(SolutionConfigurationPlatforms) = preSolution
		Debug|Any CPU = Debug|Any CPU
		Release|Any CPU = Release|Any CPU
	EndGlobalSection
	GlobalSection(ProjectConfigurationPlatforms) = postSolution
		{CBCB823E-6451-433E-AD45-AF933E6795DB}.Debug|Any CPU.ActiveCfg = Debug|Any CPU
		{CBCB823E-6451-433E-AD45-AF933E6795DB}.Debug|Any CPU.Build.0 = Debug|Any CPU
		{CBCB823E-6451-433E-AD45-AF933E6795DB}.Release|Any CPU.ActiveCfg = Release|Any CPU
		{CBCB823E-6451-433E-AD45-AF933E6795DB}.Release|Any CPU.Build.0 = Release|Any CPU
	EndGlobalSection
	GlobalSection(SolutionProperties) = preSolution
		HideSolutionNode = FALSE
	EndGlobalSection
	GlobalSection(ExtensibilityGlobals) = postSolution
		SolutionGuid = {2BB40A07-4913-4CB4-9A22-1C2011926800}
	EndGlobalSection
EndGlobal
